Microsoft Visual Studio Solution File, Format Version 12.00
# Visual Studio Version 17
VisualStudioVersion = 17.5.2.0
MinimumVisualStudioVersion = 10.0.40219.1
Project("{FAE04EC0-301F-11D3-BF4B-00C04F79EFBC}") = "HospitalManagementSysytem", "HospitalManagementSysytem.csproj", "{53584EF2-7E17-882A-E1F0-BB98235E68FE}"
EndProject
Global
	GlobalSection(SolutionConfigurationPlatforms) = preSolution
		Debug|Any CPU = Debug|Any CPU
		Release|Any CPU = Release|Any CPU
	EndGlobalSection
	GlobalSection(ProjectConfigurationPlatforms) = postSolution
		{53584EF2-7E17-882A-E1F0-BB98235E68FE}.Debug|Any CPU.ActiveCfg = Debug|Any CPU
		{53584EF2-7E17-882A-E1F0-BB98235E68FE}.Debug|Any CPU.Build.0 = Debug|Any CPU
		{53584EF2-7E17-882A-E1F0-BB98235E68FE}.Release|Any CPU.ActiveCfg = Release|Any CPU
		{53584EF2-7E17-882A-E1F0-BB98235E68FE}.Release|Any CPU.Build.0 = Release|Any CPU
	EndGlobalSection
	GlobalSection(SolutionProperties) = preSolution
		HideSolutionNode = FALSE
	EndGlobalSection
	GlobalSection(ExtensibilityGlobals) = postSolution
		SolutionGuid = {D91E4ABF-2453-44C0-9F16-79DD1E26B91B}
	EndGlobalSection
EndGlobal
